<?xml version="1.0" encoding="utf-8"?>
<Project ToolsVersion="4.0" xmlns="http://schemas.microsoft.com/developer/msbuild/2003">
  <ItemGroup>
    <Filter Include="源文件">
      <UniqueIdentifier>{4FC737F1-C7A5-4376-A066-2A32D752A2FF}</UniqueIdentifier>
      <Extensions>cpp;c;cc;cxx;def;odl;idl;hpj;bat;asm;asmx</Extensions>
    </Filter>
    <Filter Include="头文件">
      <UniqueIdentifier>{93995380-89BD-4b04-88EB-625FBE52EBFB}</UniqueIdentifier>
      <Extensions>h;hh;hpp;hxx;hm;inl;inc;xsd</Extensions>
    </Filter>
    <Filter Include="资源文件">
      <UniqueIdentifier>{67DA6AB6-F800-4c08-8B7A-83BB121AAD01}</UniqueIdentifier>
      <Extensions>rc;ico;cur;bmp;dlg;rc2;rct;bin;rgs;gif;jpg;jpeg;jpe;resx;tiff;tif;png;wav;mfcribbon-ms</Extensions>
    </Filter>
    <Filter Include="Vulkan">
      <UniqueIdentifier>{c4e05ce6-2c7c-4182-b0d8-bfe066f96cdd}</UniqueIdentifier>
    </Filter>
    <Filter Include="ASGI">
      <UniqueIdentifier>{7616917a-9fee-444a-b38c-acef480dae23}</UniqueIdentifier>
    </Filter>
    <Filter Include="VkGLSL">
      <UniqueIdentifier>{d70ca4ef-3d8a-4051-85c2-03828d8a563f}</UniqueIdentifier>
    </Filter>
    <Filter Include="spirv-cross">
      <UniqueIdentifier>{91f65b64-ba42-4c52-857c-2b7dee22ecd4}</UniqueIdentifier>
    </Filter>
  </ItemGroup>
  <ItemGroup>
    <Text Include="ReadMe.txt" />
  </ItemGroup>
  <ItemGroup>
    <ClInclude Include="DynamicGI.h">
      <Filter>ASGI</Filter>
    </ClInclude>
    <ClInclude Include="GPUResource.h">
      <Filter>ASGI</Filter>
    </ClInclude>
    <ClInclude Include="VulkanGI.h">
      <Filter>Vulkan</Filter>
    </ClInclude>
    <ClInclude Include="VulkanResource.h">
      <Filter>Vulkan</Filter>
    </ClInclude>
    <ClInclude Include="ASGI.h">
      <Filter>ASGI</Filter>
    </ClInclude>
    <ClInclude Include="ASGI.hpp">
      <Filter>ASGI</Filter>
    </ClInclude>
    <ClInclude Include="VkGLSL.hpp">
      <Filter>VkGLSL</Filter>
    </ClInclude>
    <ClInclude Include="third_lib\SPIRV-Cross\GLSL.std.450.h">
      <Filter>spirv-cross</Filter>
    </ClInclude>
    <ClInclude Include="third_lib\SPIRV-Cross\spirv.hpp">
      <Filter>spirv-cross</Filter>
    </ClInclude>
    <ClInclude Include="third_lib\SPIRV-Cross\spirv_cfg.hpp">
      <Filter>spirv-cross</Filter>
    </ClInclude>
    <ClInclude Include="third_lib\SPIRV-Cross\spirv_common.hpp">
      <Filter>spirv-cross</Filter>
    </ClInclude>
    <ClInclude Include="third_lib\SPIRV-Cross\spirv_cpp.hpp">
      <Filter>spirv-cross</Filter>
    </ClInclude>
    <ClInclude Include="third_lib\SPIRV-Cross\spirv_cross.hpp">
      <Filter>spirv-cross</Filter>
    </ClInclude>
    <ClInclude Include="third_lib\SPIRV-Cross\spirv_cross_util.hpp">
      <Filter>spirv-cross</Filter>
    </ClInclude>
    <ClInclude Include="third_lib\SPIRV-Cross\spirv_glsl.hpp">
      <Filter>spirv-cross</Filter>
    </ClInclude>
    <ClInclude Include="third_lib\SPIRV-Cross\spirv_hlsl.hpp">
      <Filter>spirv-cross</Filter>
    </ClInclude>
    <ClInclude Include="third_lib\SPIRV-Cross\spirv_msl.hpp">
      <Filter>spirv-cross</Filter>
    </ClInclude>
    <ClInclude Include="third_lib\SPIRV-Cross\spirv_reflect.hpp">
      <Filter>spirv-cross</Filter>
    </ClInclude>
  </ItemGroup>
  <ItemGroup>
    <ClCompile Include="VulkanGI.cpp">
      <Filter>Vulkan</Filter>
    </ClCompile>
    <ClCompile Include="ASGI.cpp">
      <Filter>ASGI</Filter>
    </ClCompile>
    <ClCompile Include="VkGLSL.cpp">
      <Filter>VkGLSL</Filter>
    </ClCompile>
    <ClCompile Include="third_lib\SPIRV-Cross\spirv_cfg.cpp">
      <Filter>spirv-cross</Filter>
    </ClCompile>
    <ClCompile Include="third_lib\SPIRV-Cross\spirv_cpp.cpp">
      <Filter>spirv-cross</Filter>
    </ClCompile>
    <ClCompile Include="third_lib\SPIRV-Cross\spirv_cross.cpp">
      <Filter>spirv-cross</Filter>
    </ClCompile>
    <ClCompile Include="third_lib\SPIRV-Cross\spirv_cross_util.cpp">
      <Filter>spirv-cross</Filter>
    </ClCompile>
    <ClCompile Include="third_lib\SPIRV-Cross\spirv_glsl.cpp">
      <Filter>spirv-cross</Filter>
    </ClCompile>
    <ClCompile Include="third_lib\SPIRV-Cross\spirv_hlsl.cpp">
      <Filter>spirv-cross</Filter>
    </ClCompile>
    <ClCompile Include="third_lib\SPIRV-Cross\spirv_msl.cpp">
      <Filter>spirv-cross</Filter>
    </ClCompile>
    <ClCompile Include="third_lib\SPIRV-Cross\spirv_reflect.cpp">
      <Filter>spirv-cross</Filter>
    </ClCompile>
  </ItemGroup>
</Project>